// !$*UTF8*$!
{
	archiveVersion = 1;
	classes = {
	};
	objectVersion = 56;
	objects = {

/* Begin PBXBuildFile section */
		E4DAEAE02B8203965635C72B /* Pods_POS.framework in Frameworks */ = {isa = PBXBuildFile; fileRef = 8F8B530146503F43601B543C /* Pods_POS.framework */; };
		E90C8E4E2B1223F000E5572D /* OrderTableView.swift in Sources */ = {isa = PBXBuildFile; fileRef = E90C8E4C2B1223F000E5572D /* OrderTableView.swift */; };
		E90C8E4F2B1223F000E5572D /* MenuCollectionView.swift in Sources */ = {isa = PBXBuildFile; fileRef = E90C8E4D2B1223F000E5572D /* MenuCollectionView.swift */; };
		E90C8E522B12242200E5572D /* TopOrderView.swift in Sources */ = {isa = PBXBuildFile; fileRef = E90C8E502B12242200E5572D /* TopOrderView.swift */; };
		E90C8E532B12242200E5572D /* TableUICollectionView.swift in Sources */ = {isa = PBXBuildFile; fileRef = E90C8E512B12242200E5572D /* TableUICollectionView.swift */; };
		E90C8E592B1228F900E5572D /* SettingCollectionView.swift in Sources */ = {isa = PBXBuildFile; fileRef = E90C8E562B1228F900E5572D /* SettingCollectionView.swift */; };
		E90C8E5A2B1228F900E5572D /* SettingVC.swift in Sources */ = {isa = PBXBuildFile; fileRef = E90C8E572B1228F900E5572D /* SettingVC.swift */; };
		E90C8E5B2B1228F900E5572D /* SettingVM.swift in Sources */ = {isa = PBXBuildFile; fileRef = E90C8E582B1228F900E5572D /* SettingVM.swift */; };
		E90C8E5D2B12290200E5572D /* SettingTopInfoView.swift in Sources */ = {isa = PBXBuildFile; fileRef = E90C8E5C2B12290200E5572D /* SettingTopInfoView.swift */; };
		E90C8E602B12298000E5572D /* MenuModel.swift in Sources */ = {isa = PBXBuildFile; fileRef = E90C8E5F2B12298000E5572D /* MenuModel.swift */; };
		E917459F2B0EF41D00F95ABC /* UIButton+Ext.swift in Sources */ = {isa = PBXBuildFile; fileRef = E917459E2B0EF41D00F95ABC /* UIButton+Ext.swift */; };
		E91745AF2B0F509500F95ABC /* CurrentSalesList.swift in Sources */ = {isa = PBXBuildFile; fileRef = E91745AE2B0F509500F95ABC /* CurrentSalesList.swift */; };
		E92D8EAE2B1080AE0070E973 /* menuSV.swift in Sources */ = {isa = PBXBuildFile; fileRef = E92D8EAD2B1080AE0070E973 /* menuSV.swift */; };
		E92D8EB02B10948A0070E973 /* MenuCollectionViewCell.swift in Sources */ = {isa = PBXBuildFile; fileRef = E92D8EAF2B10948A0070E973 /* MenuCollectionViewCell.swift */; };
		E92D8EB22B1098EB0070E973 /* MenuHeaderView.swift in Sources */ = {isa = PBXBuildFile; fileRef = E92D8EB12B1098EB0070E973 /* MenuHeaderView.swift */; };
		E92D8EB52B109A9B0070E973 /* OrderModel.swift in Sources */ = {isa = PBXBuildFile; fileRef = E92D8EB42B109A9B0070E973 /* OrderModel.swift */; };
		E92D8EB72B109AA20070E973 /* OrderMenuView.swift in Sources */ = {isa = PBXBuildFile; fileRef = E92D8EB62B109AA20070E973 /* OrderMenuView.swift */; };
		E92D8EB92B109AA50070E973 /* OrderVC.swift in Sources */ = {isa = PBXBuildFile; fileRef = E92D8EB82B109AA50070E973 /* OrderVC.swift */; };
		E92D8EBB2B109AA60070E973 /* OrderVM.swift in Sources */ = {isa = PBXBuildFile; fileRef = E92D8EBA2B109AA60070E973 /* OrderVM.swift */; };
		E92D8EBD2B109BBA0070E973 /* PaymentView.swift in Sources */ = {isa = PBXBuildFile; fileRef = E92D8EBC2B109BBA0070E973 /* PaymentView.swift */; };
		E92D8EBF2B10A2780070E973 /* OrderMenuTableViewCell.swift in Sources */ = {isa = PBXBuildFile; fileRef = E92D8EBE2B10A2780070E973 /* OrderMenuTableViewCell.swift */; };
		E969C6612AEFE82A009DB0FB /* UIViewController+Ext.swift in Sources */ = {isa = PBXBuildFile; fileRef = E969C6602AEFE82A009DB0FB /* UIViewController+Ext.swift */; };
		E969C6662AEFE9DB009DB0FB /* SplashVC.swift in Sources */ = {isa = PBXBuildFile; fileRef = E969C6652AEFE9DB009DB0FB /* SplashVC.swift */; };
		E969C6682AEFE9F2009DB0FB /* SplashVM.swift in Sources */ = {isa = PBXBuildFile; fileRef = E969C6672AEFE9F2009DB0FB /* SplashVM.swift */; };
		E969C66A2AEFEA02009DB0FB /* SpalshModel.swift in Sources */ = {isa = PBXBuildFile; fileRef = E969C6692AEFEA02009DB0FB /* SpalshModel.swift */; };
		E969C66C2AEFF6D6009DB0FB /* SplashView.swift in Sources */ = {isa = PBXBuildFile; fileRef = E969C66B2AEFF6D6009DB0FB /* SplashView.swift */; };
		E96CF5DB2B08AF08006FD828 /* OrderOptionCollectionViewCell.swift in Sources */ = {isa = PBXBuildFile; fileRef = E96CF5DA2B08AF08006FD828 /* OrderOptionCollectionViewCell.swift */; };
		E97296632AFF63A600A4430D /* MainModel.swift in Sources */ = {isa = PBXBuildFile; fileRef = E97296622AFF63A600A4430D /* MainModel.swift */; };
		E97296652AFF63A900A4430D /* MainVM.swift in Sources */ = {isa = PBXBuildFile; fileRef = E97296642AFF63A900A4430D /* MainVM.swift */; };
		E97296672AFF63AA00A4430D /* MainVC.swift in Sources */ = {isa = PBXBuildFile; fileRef = E97296662AFF63AA00A4430D /* MainVC.swift */; };
		E97296692AFF79DC00A4430D /* TopInfoView.swift in Sources */ = {isa = PBXBuildFile; fileRef = E97296682AFF79DC00A4430D /* TopInfoView.swift */; };
		E972966B2AFF853700A4430D /* Base.swift in Sources */ = {isa = PBXBuildFile; fileRef = E972966A2AFF853700A4430D /* Base.swift */; };
		E972966E2B065D9400A4430D /* UIImage+Ext.swift in Sources */ = {isa = PBXBuildFile; fileRef = E972966D2B065D9400A4430D /* UIImage+Ext.swift */; };
		E97296732B07A91A00A4430D /* TableCollectionViewCell.swift in Sources */ = {isa = PBXBuildFile; fileRef = E97296722B07A91A00A4430D /* TableCollectionViewCell.swift */; };
		E979C0C42B0BA863003300F6 /* TableNum.swift in Sources */ = {isa = PBXBuildFile; fileRef = E979C0C32B0BA863003300F6 /* TableNum.swift */; };
		E979C0C62B0BA892003300F6 /* Menu.swift in Sources */ = {isa = PBXBuildFile; fileRef = E979C0C52B0BA892003300F6 /* Menu.swift */; };
		E979C0C82B0BA89E003300F6 /* MenuList.swift in Sources */ = {isa = PBXBuildFile; fileRef = E979C0C72B0BA89E003300F6 /* MenuList.swift */; };
		E9850F0E2AEE13DD008C1C03 /* AppDelegate.swift in Sources */ = {isa = PBXBuildFile; fileRef = E9850F0D2AEE13DD008C1C03 /* AppDelegate.swift */; };
		E9850F102AEE13DD008C1C03 /* SceneDelegate.swift in Sources */ = {isa = PBXBuildFile; fileRef = E9850F0F2AEE13DD008C1C03 /* SceneDelegate.swift */; };
		E9850F172AEE13DE008C1C03 /* Assets.xcassets in Resources */ = {isa = PBXBuildFile; fileRef = E9850F162AEE13DE008C1C03 /* Assets.xcassets */; };
		E9850F1A2AEE13DE008C1C03 /* LaunchScreen.storyboard in Resources */ = {isa = PBXBuildFile; fileRef = E9850F182AEE13DE008C1C03 /* LaunchScreen.storyboard */; };
		E9954A622AF611F000C6F70F /* SceneManager.swift in Sources */ = {isa = PBXBuildFile; fileRef = E9954A612AF611F000C6F70F /* SceneManager.swift */; };
		E9954A652AF614FF00C6F70F /* MoveScene.swift in Sources */ = {isa = PBXBuildFile; fileRef = E9954A642AF614FF00C6F70F /* MoveScene.swift */; };
		E9954A672AF6161B00C6F70F /* SceneContainer.swift in Sources */ = {isa = PBXBuildFile; fileRef = E9954A662AF6161B00C6F70F /* SceneContainer.swift */; };
		E9954A692AF6190400C6F70F /* UILabel+Ext.swift in Sources */ = {isa = PBXBuildFile; fileRef = E9954A682AF6190400C6F70F /* UILabel+Ext.swift */; };
		E9954A6C2AF61D6700C6F70F /* PosLabel.swift in Sources */ = {isa = PBXBuildFile; fileRef = E9954A6B2AF61D6700C6F70F /* PosLabel.swift */; };
		E9954A6E2AF61FA500C6F70F /* UIView+Ext.swift in Sources */ = {isa = PBXBuildFile; fileRef = E9954A6D2AF61FA500C6F70F /* UIView+Ext.swift */; };
		E9B1B1652AF72DD20044E5C5 /* Font.swift in Sources */ = {isa = PBXBuildFile; fileRef = E9B1B1642AF72DD20044E5C5 /* Font.swift */; };
		E9B1B17F2AF745D70044E5C5 /* NotoSansKR-ExtraBold.ttf in Resources */ = {isa = PBXBuildFile; fileRef = E9B1B1762AF745D60044E5C5 /* NotoSansKR-ExtraBold.ttf */; };
		E9B1B1802AF745D70044E5C5 /* NotoSansKR-SemiBold.ttf in Resources */ = {isa = PBXBuildFile; fileRef = E9B1B1772AF745D60044E5C5 /* NotoSansKR-SemiBold.ttf */; };
		E9B1B1812AF745D70044E5C5 /* NotoSansKR-Thin.ttf in Resources */ = {isa = PBXBuildFile; fileRef = E9B1B1782AF745D60044E5C5 /* NotoSansKR-Thin.ttf */; };
		E9B1B1822AF745D70044E5C5 /* NotoSansKR-ExtraLight.ttf in Resources */ = {isa = PBXBuildFile; fileRef = E9B1B1792AF745D60044E5C5 /* NotoSansKR-ExtraLight.ttf */; };
		E9B1B1832AF745D70044E5C5 /* NotoSansKR-Black.ttf in Resources */ = {isa = PBXBuildFile; fileRef = E9B1B17A2AF745D60044E5C5 /* NotoSansKR-Black.ttf */; };
		E9B1B1842AF745D70044E5C5 /* NotoSansKR-Regular.ttf in Resources */ = {isa = PBXBuildFile; fileRef = E9B1B17B2AF745D60044E5C5 /* NotoSansKR-Regular.ttf */; };
		E9B1B1852AF745D70044E5C5 /* NotoSansKR-Bold.ttf in Resources */ = {isa = PBXBuildFile; fileRef = E9B1B17C2AF745D70044E5C5 /* NotoSansKR-Bold.ttf */; };
		E9B1B1862AF745D70044E5C5 /* NotoSansKR-Light.ttf in Resources */ = {isa = PBXBuildFile; fileRef = E9B1B17D2AF745D70044E5C5 /* NotoSansKR-Light.ttf */; };
		E9B1B1872AF745D70044E5C5 /* NotoSansKR-Medium.ttf in Resources */ = {isa = PBXBuildFile; fileRef = E9B1B17E2AF745D70044E5C5 /* NotoSansKR-Medium.ttf */; };
		E9B1B1892AF747B60044E5C5 /* UIColor+Etx.swift in Sources */ = {isa = PBXBuildFile; fileRef = E9B1B1882AF747B60044E5C5 /* UIColor+Etx.swift */; };
		E9B1B18D2AF921050044E5C5 /* AFManager.swift in Sources */ = {isa = PBXBuildFile; fileRef = E9B1B18C2AF921050044E5C5 /* AFManager.swift */; };
		E9B1B1912AF9295B0044E5C5 /* LogManager.swift in Sources */ = {isa = PBXBuildFile; fileRef = E9B1B1902AF9295B0044E5C5 /* LogManager.swift */; };
		E9B1B1942AF9435A0044E5C5 /* Constants.swift in Sources */ = {isa = PBXBuildFile; fileRef = E9B1B1932AF9435A0044E5C5 /* Constants.swift */; };
		E9B1B1962AF9436C0044E5C5 /* URL.swift in Sources */ = {isa = PBXBuildFile; fileRef = E9B1B1952AF9436C0044E5C5 /* URL.swift */; };
		E9B1B1982AF943AB0044E5C5 /* PreferenceKey.swift in Sources */ = {isa = PBXBuildFile; fileRef = E9B1B1972AF943AB0044E5C5 /* PreferenceKey.swift */; };
		E9B1B19A2AF944200044E5C5 /* ToastManager.swift in Sources */ = {isa = PBXBuildFile; fileRef = E9B1B1992AF944200044E5C5 /* ToastManager.swift */; };
		E9B1B19C2AF944830044E5C5 /* DBManager.swift in Sources */ = {isa = PBXBuildFile; fileRef = E9B1B19B2AF944830044E5C5 /* DBManager.swift */; };
		E9C85EB42B0DF88F00082A1D /* PopupVC.swift in Sources */ = {isa = PBXBuildFile; fileRef = E9C85EB32B0DF88F00082A1D /* PopupVC.swift */; };
/* End PBXBuildFile section */

/* Begin PBXFileReference section */
		452485C7089ED951F61F734E /* Pods-POS.release.xcconfig */ = {isa = PBXFileReference; includeInIndex = 1; lastKnownFileType = text.xcconfig; name = "Pods-POS.release.xcconfig"; path = "Target Support Files/Pods-POS/Pods-POS.release.xcconfig"; sourceTree = "<group>"; };
		4C600EB5723B1DC2ECD0BFB2 /* Pods-POS.debug.xcconfig */ = {isa = PBXFileReference; includeInIndex = 1; lastKnownFileType = text.xcconfig; name = "Pods-POS.debug.xcconfig"; path = "Target Support Files/Pods-POS/Pods-POS.debug.xcconfig"; sourceTree = "<group>"; };
		8F8B530146503F43601B543C /* Pods_POS.framework */ = {isa = PBXFileReference; explicitFileType = wrapper.framework; includeInIndex = 0; path = Pods_POS.framework; sourceTree = BUILT_PRODUCTS_DIR; };
		E90C8E4C2B1223F000E5572D /* OrderTableView.swift */ = {isa = PBXFileReference; fileEncoding = 4; lastKnownFileType = sourcecode.swift; path = OrderTableView.swift; sourceTree = "<group>"; };
		E90C8E4D2B1223F000E5572D /* MenuCollectionView.swift */ = {isa = PBXFileReference; fileEncoding = 4; lastKnownFileType = sourcecode.swift; path = MenuCollectionView.swift; sourceTree = "<group>"; };
		E90C8E502B12242200E5572D /* TopOrderView.swift */ = {isa = PBXFileReference; fileEncoding = 4; lastKnownFileType = sourcecode.swift; path = TopOrderView.swift; sourceTree = "<group>"; };
		E90C8E512B12242200E5572D /* TableUICollectionView.swift */ = {isa = PBXFileReference; fileEncoding = 4; lastKnownFileType = sourcecode.swift; path = TableUICollectionView.swift; sourceTree = "<group>"; };
		E90C8E562B1228F900E5572D /* SettingCollectionView.swift */ = {isa = PBXFileReference; fileEncoding = 4; lastKnownFileType = sourcecode.swift; path = SettingCollectionView.swift; sourceTree = "<group>"; };
		E90C8E572B1228F900E5572D /* SettingVC.swift */ = {isa = PBXFileReference; fileEncoding = 4; lastKnownFileType = sourcecode.swift; path = SettingVC.swift; sourceTree = "<group>"; };
		E90C8E582B1228F900E5572D /* SettingVM.swift */ = {isa = PBXFileReference; fileEncoding = 4; lastKnownFileType = sourcecode.swift; path = SettingVM.swift; sourceTree = "<group>"; };
		E90C8E5C2B12290200E5572D /* SettingTopInfoView.swift */ = {isa = PBXFileReference; fileEncoding = 4; lastKnownFileType = sourcecode.swift; path = SettingTopInfoView.swift; sourceTree = "<group>"; };
		E90C8E5F2B12298000E5572D /* MenuModel.swift */ = {isa = PBXFileReference; lastKnownFileType = sourcecode.swift; path = MenuModel.swift; sourceTree = "<group>"; };
		E917459E2B0EF41D00F95ABC /* UIButton+Ext.swift */ = {isa = PBXFileReference; lastKnownFileType = sourcecode.swift; path = "UIButton+Ext.swift"; sourceTree = "<group>"; };
		E91745AE2B0F509500F95ABC /* CurrentSalesList.swift */ = {isa = PBXFileReference; lastKnownFileType = sourcecode.swift; path = CurrentSalesList.swift; sourceTree = "<group>"; };
		E92D8EAD2B1080AE0070E973 /* menuSV.swift */ = {isa = PBXFileReference; lastKnownFileType = sourcecode.swift; path = menuSV.swift; sourceTree = "<group>"; };
		E92D8EAF2B10948A0070E973 /* MenuCollectionViewCell.swift */ = {isa = PBXFileReference; lastKnownFileType = sourcecode.swift; path = MenuCollectionViewCell.swift; sourceTree = "<group>"; };
		E92D8EB12B1098EB0070E973 /* MenuHeaderView.swift */ = {isa = PBXFileReference; lastKnownFileType = sourcecode.swift; path = MenuHeaderView.swift; sourceTree = "<group>"; };
		E92D8EB42B109A9B0070E973 /* OrderModel.swift */ = {isa = PBXFileReference; lastKnownFileType = sourcecode.swift; path = OrderModel.swift; sourceTree = "<group>"; };
		E92D8EB62B109AA20070E973 /* OrderMenuView.swift */ = {isa = PBXFileReference; lastKnownFileType = sourcecode.swift; path = OrderMenuView.swift; sourceTree = "<group>"; };
		E92D8EB82B109AA50070E973 /* OrderVC.swift */ = {isa = PBXFileReference; lastKnownFileType = sourcecode.swift; path = OrderVC.swift; sourceTree = "<group>"; };
		E92D8EBA2B109AA60070E973 /* OrderVM.swift */ = {isa = PBXFileReference; lastKnownFileType = sourcecode.swift; path = OrderVM.swift; sourceTree = "<group>"; };
		E92D8EBC2B109BBA0070E973 /* PaymentView.swift */ = {isa = PBXFileReference; lastKnownFileType = sourcecode.swift; path = PaymentView.swift; sourceTree = "<group>"; };
		E92D8EBE2B10A2780070E973 /* OrderMenuTableViewCell.swift */ = {isa = PBXFileReference; lastKnownFileType = sourcecode.swift; path = OrderMenuTableViewCell.swift; sourceTree = "<group>"; };
		E969C6602AEFE82A009DB0FB /* UIViewController+Ext.swift */ = {isa = PBXFileReference; lastKnownFileType = sourcecode.swift; path = "UIViewController+Ext.swift"; sourceTree = "<group>"; };
		E969C6652AEFE9DB009DB0FB /* SplashVC.swift */ = {isa = PBXFileReference; lastKnownFileType = sourcecode.swift; path = SplashVC.swift; sourceTree = "<group>"; };
		E969C6672AEFE9F2009DB0FB /* SplashVM.swift */ = {isa = PBXFileReference; lastKnownFileType = sourcecode.swift; path = SplashVM.swift; sourceTree = "<group>"; };
		E969C6692AEFEA02009DB0FB /* SpalshModel.swift */ = {isa = PBXFileReference; lastKnownFileType = sourcecode.swift; path = SpalshModel.swift; sourceTree = "<group>"; };
		E969C66B2AEFF6D6009DB0FB /* SplashView.swift */ = {isa = PBXFileReference; lastKnownFileType = sourcecode.swift; path = SplashView.swift; sourceTree = "<group>"; };
		E96CF5DA2B08AF08006FD828 /* OrderOptionCollectionViewCell.swift */ = {isa = PBXFileReference; lastKnownFileType = sourcecode.swift; path = OrderOptionCollectionViewCell.swift; sourceTree = "<group>"; };
		E97296622AFF63A600A4430D /* MainModel.swift */ = {isa = PBXFileReference; lastKnownFileType = sourcecode.swift; path = MainModel.swift; sourceTree = "<group>"; };
		E97296642AFF63A900A4430D /* MainVM.swift */ = {isa = PBXFileReference; lastKnownFileType = sourcecode.swift; path = MainVM.swift; sourceTree = "<group>"; };
		E97296662AFF63AA00A4430D /* MainVC.swift */ = {isa = PBXFileReference; lastKnownFileType = sourcecode.swift; path = MainVC.swift; sourceTree = "<group>"; };
		E97296682AFF79DC00A4430D /* TopInfoView.swift */ = {isa = PBXFileReference; lastKnownFileType = sourcecode.swift; path = TopInfoView.swift; sourceTree = "<group>"; };
		E972966A2AFF853700A4430D /* Base.swift */ = {isa = PBXFileReference; lastKnownFileType = sourcecode.swift; path = Base.swift; sourceTree = "<group>"; };
		E972966D2B065D9400A4430D /* UIImage+Ext.swift */ = {isa = PBXFileReference; lastKnownFileType = sourcecode.swift; path = "UIImage+Ext.swift"; sourceTree = "<group>"; };
		E97296722B07A91A00A4430D /* TableCollectionViewCell.swift */ = {isa = PBXFileReference; lastKnownFileType = sourcecode.swift; path = TableCollectionViewCell.swift; sourceTree = "<group>"; };
		E979C0C32B0BA863003300F6 /* TableNum.swift */ = {isa = PBXFileReference; lastKnownFileType = sourcecode.swift; path = TableNum.swift; sourceTree = "<group>"; };
		E979C0C52B0BA892003300F6 /* Menu.swift */ = {isa = PBXFileReference; lastKnownFileType = sourcecode.swift; path = Menu.swift; sourceTree = "<group>"; };
		E979C0C72B0BA89E003300F6 /* MenuList.swift */ = {isa = PBXFileReference; lastKnownFileType = sourcecode.swift; path = MenuList.swift; sourceTree = "<group>"; };
		E9850F0A2AEE13DD008C1C03 /* POS.app */ = {isa = PBXFileReference; explicitFileType = wrapper.application; includeInIndex = 0; path = POS.app; sourceTree = BUILT_PRODUCTS_DIR; };
		E9850F0D2AEE13DD008C1C03 /* AppDelegate.swift */ = {isa = PBXFileReference; lastKnownFileType = sourcecode.swift; path = AppDelegate.swift; sourceTree = "<group>"; };
		E9850F0F2AEE13DD008C1C03 /* SceneDelegate.swift */ = {isa = PBXFileReference; lastKnownFileType = sourcecode.swift; path = SceneDelegate.swift; sourceTree = "<group>"; };
		E9850F162AEE13DE008C1C03 /* Assets.xcassets */ = {isa = PBXFileReference; lastKnownFileType = folder.assetcatalog; path = Assets.xcassets; sourceTree = "<group>"; };
		E9850F192AEE13DE008C1C03 /* Base */ = {isa = PBXFileReference; lastKnownFileType = file.storyboard; name = Base; path = Base.lproj/LaunchScreen.storyboard; sourceTree = "<group>"; };
		E9850F1B2AEE13DE008C1C03 /* Info.plist */ = {isa = PBXFileReference; lastKnownFileType = text.plist.xml; path = Info.plist; sourceTree = "<group>"; };
		E9954A612AF611F000C6F70F /* SceneManager.swift */ = {isa = PBXFileReference; lastKnownFileType = sourcecode.swift; path = SceneManager.swift; sourceTree = "<group>"; };
		E9954A642AF614FF00C6F70F /* MoveScene.swift */ = {isa = PBXFileReference; lastKnownFileType = sourcecode.swift; path = MoveScene.swift; sourceTree = "<group>"; };
		E9954A662AF6161B00C6F70F /* SceneContainer.swift */ = {isa = PBXFileReference; lastKnownFileType = sourcecode.swift; path = SceneContainer.swift; sourceTree = "<group>"; };
		E9954A682AF6190400C6F70F /* UILabel+Ext.swift */ = {isa = PBXFileReference; lastKnownFileType = sourcecode.swift; path = "UILabel+Ext.swift"; sourceTree = "<group>"; };
		E9954A6B2AF61D6700C6F70F /* PosLabel.swift */ = {isa = PBXFileReference; lastKnownFileType = sourcecode.swift; path = PosLabel.swift; sourceTree = "<group>"; };
		E9954A6D2AF61FA500C6F70F /* UIView+Ext.swift */ = {isa = PBXFileReference; lastKnownFileType = sourcecode.swift; path = "UIView+Ext.swift"; sourceTree = "<group>"; };
		E9B1B1642AF72DD20044E5C5 /* Font.swift */ = {isa = PBXFileReference; lastKnownFileType = sourcecode.swift; path = Font.swift; sourceTree = "<group>"; };
		E9B1B1762AF745D60044E5C5 /* NotoSansKR-ExtraBold.ttf */ = {isa = PBXFileReference; lastKnownFileType = file; path = "NotoSansKR-ExtraBold.ttf"; sourceTree = "<group>"; };
		E9B1B1772AF745D60044E5C5 /* NotoSansKR-SemiBold.ttf */ = {isa = PBXFileReference; lastKnownFileType = file; path = "NotoSansKR-SemiBold.ttf"; sourceTree = "<group>"; };
		E9B1B1782AF745D60044E5C5 /* NotoSansKR-Thin.ttf */ = {isa = PBXFileReference; lastKnownFileType = file; path = "NotoSansKR-Thin.ttf"; sourceTree = "<group>"; };
		E9B1B1792AF745D60044E5C5 /* NotoSansKR-ExtraLight.ttf */ = {isa = PBXFileReference; lastKnownFileType = file; path = "NotoSansKR-ExtraLight.ttf"; sourceTree = "<group>"; };
		E9B1B17A2AF745D60044E5C5 /* NotoSansKR-Black.ttf */ = {isa = PBXFileReference; lastKnownFileType = file; path = "NotoSansKR-Black.ttf"; sourceTree = "<group>"; };
		E9B1B17B2AF745D60044E5C5 /* NotoSansKR-Regular.ttf */ = {isa = PBXFileReference; lastKnownFileType = file; path = "NotoSansKR-Regular.ttf"; sourceTree = "<group>"; };
		E9B1B17C2AF745D70044E5C5 /* NotoSansKR-Bold.ttf */ = {isa = PBXFileReference; lastKnownFileType = file; path = "NotoSansKR-Bold.ttf"; sourceTree = "<group>"; };
		E9B1B17D2AF745D70044E5C5 /* NotoSansKR-Light.ttf */ = {isa = PBXFileReference; lastKnownFileType = file; path = "NotoSansKR-Light.ttf"; sourceTree = "<group>"; };
		E9B1B17E2AF745D70044E5C5 /* NotoSansKR-Medium.ttf */ = {isa = PBXFileReference; lastKnownFileType = file; path = "NotoSansKR-Medium.ttf"; sourceTree = "<group>"; };
		E9B1B1882AF747B60044E5C5 /* UIColor+Etx.swift */ = {isa = PBXFileReference; lastKnownFileType = sourcecode.swift; path = "UIColor+Etx.swift"; sourceTree = "<group>"; };
		E9B1B18C2AF921050044E5C5 /* AFManager.swift */ = {isa = PBXFileReference; lastKnownFileType = sourcecode.swift; path = AFManager.swift; sourceTree = "<group>"; };
		E9B1B1902AF9295B0044E5C5 /* LogManager.swift */ = {isa = PBXFileReference; lastKnownFileType = sourcecode.swift; path = LogManager.swift; sourceTree = "<group>"; };
		E9B1B1932AF9435A0044E5C5 /* Constants.swift */ = {isa = PBXFileReference; lastKnownFileType = sourcecode.swift; path = Constants.swift; sourceTree = "<group>"; };
		E9B1B1952AF9436C0044E5C5 /* URL.swift */ = {isa = PBXFileReference; lastKnownFileType = sourcecode.swift; path = URL.swift; sourceTree = "<group>"; };
		E9B1B1972AF943AB0044E5C5 /* PreferenceKey.swift */ = {isa = PBXFileReference; lastKnownFileType = sourcecode.swift; path = PreferenceKey.swift; sourceTree = "<group>"; };
		E9B1B1992AF944200044E5C5 /* ToastManager.swift */ = {isa = PBXFileReference; lastKnownFileType = sourcecode.swift; path = ToastManager.swift; sourceTree = "<group>"; };
		E9B1B19B2AF944830044E5C5 /* DBManager.swift */ = {isa = PBXFileReference; lastKnownFileType = sourcecode.swift; path = DBManager.swift; sourceTree = "<group>"; };
		E9C85EB32B0DF88F00082A1D /* PopupVC.swift */ = {isa = PBXFileReference; lastKnownFileType = sourcecode.swift; path = PopupVC.swift; sourceTree = "<group>"; };
/* End PBXFileReference section */

/* Begin PBXFrameworksBuildPhase section */
		E9850F072AEE13DD008C1C03 /* Frameworks */ = {
			isa = PBXFrameworksBuildPhase;
			buildActionMask = 2147483647;
			files = (
				E4DAEAE02B8203965635C72B /* Pods_POS.framework in Frameworks */,
			);
			runOnlyForDeploymentPostprocessing = 0;
		};
/* End PBXFrameworksBuildPhase section */

/* Begin PBXGroup section */
		3A51FCA59A414D66812706A7 /* Pods */ = {
			isa = PBXGroup;
			children = (
				4C600EB5723B1DC2ECD0BFB2 /* Pods-POS.debug.xcconfig */,
				452485C7089ED951F61F734E /* Pods-POS.release.xcconfig */,
			);
			path = Pods;
			sourceTree = "<group>";
		};
		7B6C69E4241302F3C7D4B4E3 /* Frameworks */ = {
			isa = PBXGroup;
			children = (
				8F8B530146503F43601B543C /* Pods_POS.framework */,
			);
			name = Frameworks;
			sourceTree = "<group>";
		};
		E90C8E542B1224AE00E5572D /* CustomUIKit */ = {
			isa = PBXGroup;
			children = (
				E9954A6B2AF61D6700C6F70F /* PosLabel.swift */,
			);
			path = CustomUIKit;
			sourceTree = "<group>";
		};
		E90C8E552B1228F900E5572D /* Setting */ = {
			isa = PBXGroup;
			children = (
				E90C8E562B1228F900E5572D /* SettingCollectionView.swift */,
				E90C8E572B1228F900E5572D /* SettingVC.swift */,
				E90C8E582B1228F900E5572D /* SettingVM.swift */,
			);
			path = Setting;
			sourceTree = "<group>";
		};
		E90C8E5E2B12296C00E5572D /* Model */ = {
			isa = PBXGroup;
			children = (
				E90C8E5F2B12298000E5572D /* MenuModel.swift */,
			);
			path = Model;
			sourceTree = "<group>";
		};
		E92D8EB32B109A8E0070E973 /* Order */ = {
			isa = PBXGroup;
			children = (
				E92D8EB42B109A9B0070E973 /* OrderModel.swift */,
				E92D8EB62B109AA20070E973 /* OrderMenuView.swift */,
				E92D8EBC2B109BBA0070E973 /* PaymentView.swift */,
				E92D8EB82B109AA50070E973 /* OrderVC.swift */,
				E92D8EBA2B109AA60070E973 /* OrderVM.swift */,
			);
			path = Order;
			sourceTree = "<group>";
		};
		E969C65F2AEFE815009DB0FB /* Extension */ = {
			isa = PBXGroup;
			children = (
				E9954A682AF6190400C6F70F /* UILabel+Ext.swift */,
				E969C6602AEFE82A009DB0FB /* UIViewController+Ext.swift */,
				E9954A6D2AF61FA500C6F70F /* UIView+Ext.swift */,
				E9B1B1882AF747B60044E5C5 /* UIColor+Etx.swift */,
				E972966D2B065D9400A4430D /* UIImage+Ext.swift */,
				E917459E2B0EF41D00F95ABC /* UIButton+Ext.swift */,
			);
			path = Extension;
			sourceTree = "<group>";
		};
		E969C6622AEFE99C009DB0FB /* Scene */ = {
			isa = PBXGroup;
			children = (
				E90C8E552B1228F900E5572D /* Setting */,
				E92D8EB32B109A8E0070E973 /* Order */,
				E972965F2AFF637D00A4430D /* Main */,
				E969C66D2AEFF6DB009DB0FB /* Splash */,
			);
			path = Scene;
			sourceTree = "<group>";
		};
		E969C66D2AEFF6DB009DB0FB /* Splash */ = {
			isa = PBXGroup;
			children = (
				E969C6692AEFEA02009DB0FB /* SpalshModel.swift */,
				E969C66B2AEFF6D6009DB0FB /* SplashView.swift */,
				E969C6652AEFE9DB009DB0FB /* SplashVC.swift */,
				E969C6672AEFE9F2009DB0FB /* SplashVM.swift */,
			);
			path = Splash;
			sourceTree = "<group>";
		};
		E96ED8D12B0CEC680083C7AC /* CollectionViewCell */ = {
			isa = PBXGroup;
			children = (
				E97296722B07A91A00A4430D /* TableCollectionViewCell.swift */,
				E96CF5DA2B08AF08006FD828 /* OrderOptionCollectionViewCell.swift */,
				E92D8EAF2B10948A0070E973 /* MenuCollectionViewCell.swift */,
				E92D8EB12B1098EB0070E973 /* MenuHeaderView.swift */,
			);
			path = CollectionViewCell;
			sourceTree = "<group>";
		};
		E96ED8D22B0CEC710083C7AC /* TableViewCell */ = {
			isa = PBXGroup;
			children = (
				E92D8EBE2B10A2780070E973 /* OrderMenuTableViewCell.swift */,
			);
			path = TableViewCell;
			sourceTree = "<group>";
		};
		E972965E2AFF635800A4430D /* Views */ = {
			isa = PBXGroup;
			children = (
				E90C8E542B1224AE00E5572D /* CustomUIKit */,
				E96ED8D12B0CEC680083C7AC /* CollectionViewCell */,
				E96ED8D22B0CEC710083C7AC /* TableViewCell */,
				E9954A6F2AF62AFF00C6F70F /* CustomView */,
			);
			path = Views;
			sourceTree = "<group>";
		};
		E972965F2AFF637D00A4430D /* Main */ = {
			isa = PBXGroup;
			children = (
				E97296622AFF63A600A4430D /* MainModel.swift */,
				E97296662AFF63AA00A4430D /* MainVC.swift */,
				E97296642AFF63A900A4430D /* MainVM.swift */,
			);
			path = Main;
			sourceTree = "<group>";
		};
		E9850F012AEE13DD008C1C03 = {
			isa = PBXGroup;
			children = (
				E9850F0C2AEE13DD008C1C03 /* POS */,
				E9850F0B2AEE13DD008C1C03 /* Products */,
				3A51FCA59A414D66812706A7 /* Pods */,
				7B6C69E4241302F3C7D4B4E3 /* Frameworks */,
			);
			sourceTree = "<group>";
		};
		E9850F0B2AEE13DD008C1C03 /* Products */ = {
			isa = PBXGroup;
			children = (
				E9850F0A2AEE13DD008C1C03 /* POS.app */,
			);
			name = Products;
			sourceTree = "<group>";
		};
		E9850F0C2AEE13DD008C1C03 /* POS */ = {
			isa = PBXGroup;
			children = (
				E9954A6A2AF61A7400C6F70F /* App */,
				E9B1B1922AF9433B0044E5C5 /* Resource */,
				E969C65F2AEFE815009DB0FB /* Extension */,
				E9B1B18A2AF74CD40044E5C5 /* Service */,
				E90C8E5E2B12296C00E5572D /* Model */,
				E972965E2AFF635800A4430D /* Views */,
				E969C6622AEFE99C009DB0FB /* Scene */,
			);
			path = POS;
			sourceTree = "<group>";
		};
		E9954A632AF614CE00C6F70F /* SceneManager */ = {
			isa = PBXGroup;
			children = (
				E9954A612AF611F000C6F70F /* SceneManager.swift */,
				E9954A642AF614FF00C6F70F /* MoveScene.swift */,
				E9954A662AF6161B00C6F70F /* SceneContainer.swift */,
			);
			path = SceneManager;
			sourceTree = "<group>";
		};
		E9954A6A2AF61A7400C6F70F /* App */ = {
			isa = PBXGroup;
			children = (
				E9B1B1612AF72DB80044E5C5 /* Font */,
				E9850F1B2AEE13DE008C1C03 /* Info.plist */,
				E9850F0D2AEE13DD008C1C03 /* AppDelegate.swift */,
				E9850F0F2AEE13DD008C1C03 /* SceneDelegate.swift */,
				E9850F162AEE13DE008C1C03 /* Assets.xcassets */,
				E9850F182AEE13DE008C1C03 /* LaunchScreen.storyboard */,
			);
			path = App;
			sourceTree = "<group>";
		};
		E9954A6F2AF62AFF00C6F70F /* CustomView */ = {
			isa = PBXGroup;
			children = (
				E90C8E5C2B12290200E5572D /* SettingTopInfoView.swift */,
				E97296682AFF79DC00A4430D /* TopInfoView.swift */,
				E90C8E502B12242200E5572D /* TopOrderView.swift */,
				E90C8E512B12242200E5572D /* TableUICollectionView.swift */,
				E90C8E4D2B1223F000E5572D /* MenuCollectionView.swift */,
				E90C8E4C2B1223F000E5572D /* OrderTableView.swift */,
				E92D8EAD2B1080AE0070E973 /* menuSV.swift */,
			);
			path = CustomView;
			sourceTree = "<group>";
		};
		E9B1B1612AF72DB80044E5C5 /* Font */ = {
			isa = PBXGroup;
			children = (
				E9B1B1642AF72DD20044E5C5 /* Font.swift */,
				E9B1B17A2AF745D60044E5C5 /* NotoSansKR-Black.ttf */,
				E9B1B17C2AF745D70044E5C5 /* NotoSansKR-Bold.ttf */,
				E9B1B1762AF745D60044E5C5 /* NotoSansKR-ExtraBold.ttf */,
				E9B1B1792AF745D60044E5C5 /* NotoSansKR-ExtraLight.ttf */,
				E9B1B17D2AF745D70044E5C5 /* NotoSansKR-Light.ttf */,
				E9B1B17E2AF745D70044E5C5 /* NotoSansKR-Medium.ttf */,
				E9B1B17B2AF745D60044E5C5 /* NotoSansKR-Regular.ttf */,
				E9B1B1772AF745D60044E5C5 /* NotoSansKR-SemiBold.ttf */,
				E9B1B1782AF745D60044E5C5 /* NotoSansKR-Thin.ttf */,
			);
			path = Font;
			sourceTree = "<group>";
		};
		E9B1B18A2AF74CD40044E5C5 /* Service */ = {
			isa = PBXGroup;
			children = (
				E9B1B18F2AF925280044E5C5 /* LogManager */,
				E9B1B18B2AF74CE80044E5C5 /* AFManager */,
				E9954A632AF614CE00C6F70F /* SceneManager */,
				E9B1B19D2AF944880044E5C5 /* DBManager */,
				E9C85EB32B0DF88F00082A1D /* PopupVC.swift */,
				E9B1B1992AF944200044E5C5 /* ToastManager.swift */,
				E972966A2AFF853700A4430D /* Base.swift */,
			);
			path = Service;
			sourceTree = "<group>";
		};
		E9B1B18B2AF74CE80044E5C5 /* AFManager */ = {
			isa = PBXGroup;
			children = (
				E9B1B18C2AF921050044E5C5 /* AFManager.swift */,
			);
			path = AFManager;
			sourceTree = "<group>";
		};
		E9B1B18F2AF925280044E5C5 /* LogManager */ = {
			isa = PBXGroup;
			children = (
				E9B1B1902AF9295B0044E5C5 /* LogManager.swift */,
			);
			path = LogManager;
			sourceTree = "<group>";
		};
		E9B1B1922AF9433B0044E5C5 /* Resource */ = {
			isa = PBXGroup;
			children = (
				E9B1B1932AF9435A0044E5C5 /* Constants.swift */,
				E9B1B1952AF9436C0044E5C5 /* URL.swift */,
				E9B1B1972AF943AB0044E5C5 /* PreferenceKey.swift */,
			);
			path = Resource;
			sourceTree = "<group>";
		};
		E9B1B19D2AF944880044E5C5 /* DBManager */ = {
			isa = PBXGroup;
			children = (
				E9B1B1A02AF944DE0044E5C5 /* DBModels */,
				E9B1B19B2AF944830044E5C5 /* DBManager.swift */,
			);
			path = DBManager;
			sourceTree = "<group>";
		};
		E9B1B1A02AF944DE0044E5C5 /* DBModels */ = {
			isa = PBXGroup;
			children = (
				E979C0C32B0BA863003300F6 /* TableNum.swift */,
				E979C0C72B0BA89E003300F6 /* MenuList.swift */,
				E979C0C52B0BA892003300F6 /* Menu.swift */,
				E91745AE2B0F509500F95ABC /* CurrentSalesList.swift */,
			);
			path = DBModels;
			sourceTree = "<group>";
		};
/* End PBXGroup section */

/* Begin PBXNativeTarget section */
		E9850F092AEE13DD008C1C03 /* POS */ = {
			isa = PBXNativeTarget;
			buildConfigurationList = E9850F1E2AEE13DE008C1C03 /* Build configuration list for PBXNativeTarget "POS" */;
			buildPhases = (
				326C5A2F922548F1F974B8A1 /* [CP] Check Pods Manifest.lock */,
				E9850F062AEE13DD008C1C03 /* Sources */,
				E9850F072AEE13DD008C1C03 /* Frameworks */,
				E9850F082AEE13DD008C1C03 /* Resources */,
				0CB6C009E1260B2646BF37A6 /* [CP] Embed Pods Frameworks */,
			);
			buildRules = (
			);
			dependencies = (
			);
			name = POS;
			productName = POS;
			productReference = E9850F0A2AEE13DD008C1C03 /* POS.app */;
			productType = "com.apple.product-type.application";
		};
/* End PBXNativeTarget section */

/* Begin PBXProject section */
		E9850F022AEE13DD008C1C03 /* Project object */ = {
			isa = PBXProject;
			attributes = {
				BuildIndependentTargetsInParallel = 1;
				LastSwiftUpdateCheck = 1430;
				LastUpgradeCheck = 1430;
				TargetAttributes = {
					E9850F092AEE13DD008C1C03 = {
						CreatedOnToolsVersion = 14.3;
					};
				};
			};
			buildConfigurationList = E9850F052AEE13DD008C1C03 /* Build configuration list for PBXProject "POS" */;
			compatibilityVersion = "Xcode 14.0";
			developmentRegion = en;
			hasScannedForEncodings = 0;
			knownRegions = (
				en,
				Base,
			);
			mainGroup = E9850F012AEE13DD008C1C03;
			productRefGroup = E9850F0B2AEE13DD008C1C03 /* Products */;
			projectDirPath = "";
			projectRoot = "";
			targets = (
				E9850F092AEE13DD008C1C03 /* POS */,
			);
		};
/* End PBXProject section */

/* Begin PBXResourcesBuildPhase section */
		E9850F082AEE13DD008C1C03 /* Resources */ = {
			isa = PBXResourcesBuildPhase;
			buildActionMask = 2147483647;
			files = (
				E9B1B1832AF745D70044E5C5 /* NotoSansKR-Black.ttf in Resources */,
				E9B1B1862AF745D70044E5C5 /* NotoSansKR-Light.ttf in Resources */,
				E9B1B1852AF745D70044E5C5 /* NotoSansKR-Bold.ttf in Resources */,
				E9850F1A2AEE13DE008C1C03 /* LaunchScreen.storyboard in Resources */,
				E9B1B1802AF745D70044E5C5 /* NotoSansKR-SemiBold.ttf in Resources */,
				E9B1B1842AF745D70044E5C5 /* NotoSansKR-Regular.ttf in Resources */,
				E9B1B17F2AF745D70044E5C5 /* NotoSansKR-ExtraBold.ttf in Resources */,
				E9B1B1872AF745D70044E5C5 /* NotoSansKR-Medium.ttf in Resources */,
				E9850F172AEE13DE008C1C03 /* Assets.xcassets in Resources */,
				E9B1B1822AF745D70044E5C5 /* NotoSansKR-ExtraLight.ttf in Resources */,
				E9B1B1812AF745D70044E5C5 /* NotoSansKR-Thin.ttf in Resources */,
			);
			runOnlyForDeploymentPostprocessing = 0;
		};
/* End PBXResourcesBuildPhase section */

/* Begin PBXShellScriptBuildPhase section */
		0CB6C009E1260B2646BF37A6 /* [CP] Embed Pods Frameworks */ = {
			isa = PBXShellScriptBuildPhase;
			buildActionMask = 2147483647;
			files = (
			);
			inputFileListPaths = (
				"${PODS_ROOT}/Target Support Files/Pods-POS/Pods-POS-frameworks-${CONFIGURATION}-input-files.xcfilelist",
			);
			name = "[CP] Embed Pods Frameworks";
			outputFileListPaths = (
				"${PODS_ROOT}/Target Support Files/Pods-POS/Pods-POS-frameworks-${CONFIGURATION}-output-files.xcfilelist",
			);
			runOnlyForDeploymentPostprocessing = 0;
			shellPath = /bin/sh;
			shellScript = "\"${PODS_ROOT}/Target Support Files/Pods-POS/Pods-POS-frameworks.sh\"\n";
			showEnvVarsInLog = 0;
		};
		326C5A2F922548F1F974B8A1 /* [CP] Check Pods Manifest.lock */ = {
			isa = PBXShellScriptBuildPhase;
			buildActionMask = 2147483647;
			files = (
			);
			inputFileListPaths = (
			);
			inputPaths = (
				"${PODS_PODFILE_DIR_PATH}/Podfile.lock",
				"${PODS_ROOT}/Manifest.lock",
			);
			name = "[CP] Check Pods Manifest.lock";
			outputFileListPaths = (
			);
			outputPaths = (
				"$(DERIVED_FILE_DIR)/Pods-POS-checkManifestLockResult.txt",
			);
			runOnlyForDeploymentPostprocessing = 0;
			shellPath = /bin/sh;
			shellScript = "diff \"${PODS_PODFILE_DIR_PATH}/Podfile.lock\" \"${PODS_ROOT}/Manifest.lock\" > /dev/null\nif [ $? != 0 ] ; then\n    # print error to STDERR\n    echo \"error: The sandbox is not in sync with the Podfile.lock. Run 'pod install' or update your CocoaPods installation.\" >&2\n    exit 1\nfi\n# This output is used by Xcode 'outputs' to avoid re-running this script phase.\necho \"SUCCESS\" > \"${SCRIPT_OUTPUT_FILE_0}\"\n";
			showEnvVarsInLog = 0;
		};
/* End PBXShellScriptBuildPhase section */

/* Begin PBXSourcesBuildPhase section */
		E9850F062AEE13DD008C1C03 /* Sources */ = {
			isa = PBXSourcesBuildPhase;
			buildActionMask = 2147483647;
			files = (
				E92D8EB92B109AA50070E973 /* OrderVC.swift in Sources */,
				E92D8EB72B109AA20070E973 /* OrderMenuView.swift in Sources */,
				E90C8E602B12298000E5572D /* MenuModel.swift in Sources */,
				E97296672AFF63AA00A4430D /* MainVC.swift in Sources */,
				E9954A622AF611F000C6F70F /* SceneManager.swift in Sources */,
				E9954A652AF614FF00C6F70F /* MoveScene.swift in Sources */,
				E9B1B1652AF72DD20044E5C5 /* Font.swift in Sources */,
				E9954A6C2AF61D6700C6F70F /* PosLabel.swift in Sources */,
				E90C8E522B12242200E5572D /* TopOrderView.swift in Sources */,
				E9850F0E2AEE13DD008C1C03 /* AppDelegate.swift in Sources */,
				E969C6612AEFE82A009DB0FB /* UIViewController+Ext.swift in Sources */,
				E90C8E5A2B1228F900E5572D /* SettingVC.swift in Sources */,
				E9B1B1962AF9436C0044E5C5 /* URL.swift in Sources */,
				E9850F102AEE13DD008C1C03 /* SceneDelegate.swift in Sources */,
				E969C66C2AEFF6D6009DB0FB /* SplashView.swift in Sources */,
				E96CF5DB2B08AF08006FD828 /* OrderOptionCollectionViewCell.swift in Sources */,
				E97296632AFF63A600A4430D /* MainModel.swift in Sources */,
				E90C8E4E2B1223F000E5572D /* OrderTableView.swift in Sources */,
				E969C6662AEFE9DB009DB0FB /* SplashVC.swift in Sources */,
				E90C8E592B1228F900E5572D /* SettingCollectionView.swift in Sources */,
				E979C0C82B0BA89E003300F6 /* MenuList.swift in Sources */,
				E972966B2AFF853700A4430D /* Base.swift in Sources */,
				E969C6682AEFE9F2009DB0FB /* SplashVM.swift in Sources */,
				E97296652AFF63A900A4430D /* MainVM.swift in Sources */,
				E9954A6E2AF61FA500C6F70F /* UIView+Ext.swift in Sources */,
				E92D8EB02B10948A0070E973 /* MenuCollectionViewCell.swift in Sources */,
				E972966E2B065D9400A4430D /* UIImage+Ext.swift in Sources */,
				E969C66A2AEFEA02009DB0FB /* SpalshModel.swift in Sources */,
				E9B1B18D2AF921050044E5C5 /* AFManager.swift in Sources */,
				E92D8EBB2B109AA60070E973 /* OrderVM.swift in Sources */,
				E91745AF2B0F509500F95ABC /* CurrentSalesList.swift in Sources */,
				E90C8E532B12242200E5572D /* TableUICollectionView.swift in Sources */,
				E9B1B1982AF943AB0044E5C5 /* PreferenceKey.swift in Sources */,
				E92D8EBF2B10A2780070E973 /* OrderMenuTableViewCell.swift in Sources */,
				E92D8EAE2B1080AE0070E973 /* menuSV.swift in Sources */,
				E979C0C42B0BA863003300F6 /* TableNum.swift in Sources */,
				E90C8E5B2B1228F900E5572D /* SettingVM.swift in Sources */,
				E9954A692AF6190400C6F70F /* UILabel+Ext.swift in Sources */,
				E9954A672AF6161B00C6F70F /* SceneContainer.swift in Sources */,
				E9B1B1912AF9295B0044E5C5 /* LogManager.swift in Sources */,
				E9B1B19A2AF944200044E5C5 /* ToastManager.swift in Sources */,
				E97296692AFF79DC00A4430D /* TopInfoView.swift in Sources */,
				E92D8EB22B1098EB0070E973 /* MenuHeaderView.swift in Sources */,
				E9B1B1892AF747B60044E5C5 /* UIColor+Etx.swift in Sources */,
				E90C8E4F2B1223F000E5572D /* MenuCollectionView.swift in Sources */,
				E917459F2B0EF41D00F95ABC /* UIButton+Ext.swift in Sources */,
				E979C0C62B0BA892003300F6 /* Menu.swift in Sources */,
				E92D8EB52B109A9B0070E973 /* OrderModel.swift in Sources */,
				E92D8EBD2B109BBA0070E973 /* PaymentView.swift in Sources */,
				E90C8E5D2B12290200E5572D /* SettingTopInfoView.swift in Sources */,
				E9B1B1942AF9435A0044E5C5 /* Constants.swift in Sources */,
				E9C85EB42B0DF88F00082A1D /* PopupVC.swift in Sources */,
				E97296732B07A91A00A4430D /* TableCollectionViewCell.swift in Sources */,
				E9B1B19C2AF944830044E5C5 /* DBManager.swift in Sources */,
			);
			runOnlyForDeploymentPostprocessing = 0;
		};
/* End PBXSourcesBuildPhase section */

/* Begin PBXVariantGroup section */
		E9850F182AEE13DE008C1C03 /* LaunchScreen.storyboard */ = {
			isa = PBXVariantGroup;
			children = (
				E9850F192AEE13DE008C1C03 /* Base */,
			);
			name = LaunchScreen.storyboard;
			sourceTree = "<group>";
		};
/* End PBXVariantGroup section */

/* Begin XCBuildConfiguration section */
		E9850F1C2AEE13DE008C1C03 /* Debug */ = {
			isa = XCBuildConfiguration;
			buildSettings = {
				ALWAYS_SEARCH_USER_PATHS = NO;
				CLANG_ANALYZER_NONNULL = YES;
				CLANG_ANALYZER_NUMBER_OBJECT_CONVERSION = YES_AGGRESSIVE;
				CLANG_CXX_LANGUAGE_STANDARD = "gnu++20";
				CLANG_ENABLE_MODULES = YES;
				CLANG_ENABLE_OBJC_ARC = YES;
				CLANG_ENABLE_OBJC_WEAK = YES;
				CLANG_WARN_BLOCK_CAPTURE_AUTORELEASING = YES;
				CLANG_WARN_BOOL_CONVERSION = YES;
				CLANG_WARN_COMMA = YES;
				CLANG_WARN_CONSTANT_CONVERSION = YES;
				CLANG_WARN_DEPRECATED_OBJC_IMPLEMENTATIONS = YES;
				CLANG_WARN_DIRECT_OBJC_ISA_USAGE = YES_ERROR;
				CLANG_WARN_DOCUMENTATION_COMMENTS = YES;
				CLANG_WARN_EMPTY_BODY = YES;
				CLANG_WARN_ENUM_CONVERSION = YES;
				CLANG_WARN_INFINITE_RECURSION = YES;
				CLANG_WARN_INT_CONVERSION = YES;
				CLANG_WARN_NON_LITERAL_NULL_CONVERSION = YES;
				CLANG_WARN_OBJC_IMPLICIT_RETAIN_SELF = YES;
				CLANG_WARN_OBJC_LITERAL_CONVERSION = YES;
				CLANG_WARN_OBJC_ROOT_CLASS = YES_ERROR;
				CLANG_WARN_QUOTED_INCLUDE_IN_FRAMEWORK_HEADER = YES;
				CLANG_WARN_RANGE_LOOP_ANALYSIS = YES;
				CLANG_WARN_STRICT_PROTOTYPES = YES;
				CLANG_WARN_SUSPICIOUS_MOVE = YES;
				CLANG_WARN_UNGUARDED_AVAILABILITY = YES_AGGRESSIVE;
				CLANG_WARN_UNREACHABLE_CODE = YES;
				CLANG_WARN__DUPLICATE_METHOD_MATCH = YES;
				COPY_PHASE_STRIP = NO;
				DEBUG_INFORMATION_FORMAT = dwarf;
				ENABLE_STRICT_OBJC_MSGSEND = YES;
				ENABLE_TESTABILITY = YES;
				GCC_C_LANGUAGE_STANDARD = gnu11;
				GCC_DYNAMIC_NO_PIC = NO;
				GCC_NO_COMMON_BLOCKS = YES;
				GCC_OPTIMIZATION_LEVEL = 0;
				GCC_PREPROCESSOR_DEFINITIONS = (
					"DEBUG=1",
					"$(inherited)",
				);
				GCC_WARN_64_TO_32_BIT_CONVERSION = YES;
				GCC_WARN_ABOUT_RETURN_TYPE = YES_ERROR;
				GCC_WARN_UNDECLARED_SELECTOR = YES;
				GCC_WARN_UNINITIALIZED_AUTOS = YES_AGGRESSIVE;
				GCC_WARN_UNUSED_FUNCTION = YES;
				GCC_WARN_UNUSED_VARIABLE = YES;
				IPHONEOS_DEPLOYMENT_TARGET = 16.4;
				MTL_ENABLE_DEBUG_INFO = INCLUDE_SOURCE;
				MTL_FAST_MATH = YES;
				ONLY_ACTIVE_ARCH = YES;
				SDKROOT = iphoneos;
				SWIFT_ACTIVE_COMPILATION_CONDITIONS = DEBUG;
				SWIFT_OPTIMIZATION_LEVEL = "-Onone";
			};
			name = Debug;
		};
		E9850F1D2AEE13DE008C1C03 /* Release */ = {
			isa = XCBuildConfiguration;
			buildSettings = {
				ALWAYS_SEARCH_USER_PATHS = NO;
				CLANG_ANALYZER_NONNULL = YES;
				CLANG_ANALYZER_NUMBER_OBJECT_CONVERSION = YES_AGGRESSIVE;
				CLANG_CXX_LANGUAGE_STANDARD = "gnu++20";
				CLANG_ENABLE_MODULES = YES;
				CLANG_ENABLE_OBJC_ARC = YES;
				CLANG_ENABLE_OBJC_WEAK = YES;
				CLANG_WARN_BLOCK_CAPTURE_AUTORELEASING = YES;
				CLANG_WARN_BOOL_CONVERSION = YES;
				CLANG_WARN_COMMA = YES;
				CLANG_WARN_CONSTANT_CONVERSION = YES;
				CLANG_WARN_DEPRECATED_OBJC_IMPLEMENTATIONS = YES;
				CLANG_WARN_DIRECT_OBJC_ISA_USAGE = YES_ERROR;
				CLANG_WARN_DOCUMENTATION_COMMENTS = YES;
				CLANG_WARN_EMPTY_BODY = YES;
				CLANG_WARN_ENUM_CONVERSION = YES;
				CLANG_WARN_INFINITE_RECURSION = YES;
				CLANG_WARN_INT_CONVERSION = YES;
				CLANG_WARN_NON_LITERAL_NULL_CONVERSION = YES;
				CLANG_WARN_OBJC_IMPLICIT_RETAIN_SELF = YES;
				CLANG_WARN_OBJC_LITERAL_CONVERSION = YES;
				CLANG_WARN_OBJC_ROOT_CLASS = YES_ERROR;
				CLANG_WARN_QUOTED_INCLUDE_IN_FRAMEWORK_HEADER = YES;
				CLANG_WARN_RANGE_LOOP_ANALYSIS = YES;
				CLANG_WARN_STRICT_PROTOTYPES = YES;
				CLANG_WARN_SUSPICIOUS_MOVE = YES;
				CLANG_WARN_UNGUARDED_AVAILABILITY = YES_AGGRESSIVE;
				CLANG_WARN_UNREACHABLE_CODE = YES;
				CLANG_WARN__DUPLICATE_METHOD_MATCH = YES;
				COPY_PHASE_STRIP = NO;
				DEBUG_INFORMATION_FORMAT = "dwarf-with-dsym";
				ENABLE_NS_ASSERTIONS = NO;
				ENABLE_STRICT_OBJC_MSGSEND = YES;
				GCC_C_LANGUAGE_STANDARD = gnu11;
				GCC_NO_COMMON_BLOCKS = YES;
				GCC_WARN_64_TO_32_BIT_CONVERSION = YES;
				GCC_WARN_ABOUT_RETURN_TYPE = YES_ERROR;
				GCC_WARN_UNDECLARED_SELECTOR = YES;
				GCC_WARN_UNINITIALIZED_AUTOS = YES_AGGRESSIVE;
				GCC_WARN_UNUSED_FUNCTION = YES;
				GCC_WARN_UNUSED_VARIABLE = YES;
				IPHONEOS_DEPLOYMENT_TARGET = 16.4;
				MTL_ENABLE_DEBUG_INFO = NO;
				MTL_FAST_MATH = YES;
				SDKROOT = iphoneos;
				SWIFT_COMPILATION_MODE = wholemodule;
				SWIFT_OPTIMIZATION_LEVEL = "-O";
				VALIDATE_PRODUCT = YES;
			};
			name = Release;
		};
		E9850F1F2AEE13DE008C1C03 /* Debug */ = {
			isa = XCBuildConfiguration;
			baseConfigurationReference = 4C600EB5723B1DC2ECD0BFB2 /* Pods-POS.debug.xcconfig */;
			buildSettings = {
				ASSETCATALOG_COMPILER_APPICON_NAME = AppIcon;
				ASSETCATALOG_COMPILER_GLOBAL_ACCENT_COLOR_NAME = AccentColor;
				CODE_SIGN_STYLE = Automatic;
				CURRENT_PROJECT_VERSION = 1;
				DEVELOPMENT_TEAM = 2GHPR46VC6;
				GENERATE_INFOPLIST_FILE = YES;
				INFOPLIST_FILE = POS/App/Info.plist;
				INFOPLIST_KEY_UIApplicationSupportsIndirectInputEvents = YES;
				INFOPLIST_KEY_UILaunchStoryboardName = LaunchScreen;
				INFOPLIST_KEY_UIStatusBarStyle = "";
				INFOPLIST_KEY_UISupportedInterfaceOrientations = UIInterfaceOrientationLandscapeLeft;
				LD_RUNPATH_SEARCH_PATHS = (
					"$(inherited)",
					"@executable_path/Frameworks",
				);
				MARKETING_VERSION = 1.0;
				PRODUCT_BUNDLE_IDENTIFIER = com.ahnz.POS;
				PRODUCT_NAME = "$(TARGET_NAME)";
				SWIFT_EMIT_LOC_STRINGS = YES;
				SWIFT_VERSION = 5.0;
				TARGETED_DEVICE_FAMILY = "1,2";
			};
			name = Debug;
		};
		E9850F202AEE13DE008C1C03 /* Release */ = {
			isa = XCBuildConfiguration;
			baseConfigurationReference = 452485C7089ED951F61F734E /* Pods-POS.release.xcconfig */;
			buildSettings = {
				ASSETCATALOG_COMPILER_APPICON_NAME = AppIcon;
				ASSETCATALOG_COMPILER_GLOBAL_ACCENT_COLOR_NAME = AccentColor;
				CODE_SIGN_STYLE = Automatic;
				CURRENT_PROJECT_VERSION = 1;
				DEVELOPMENT_TEAM = 2GHPR46VC6;
				GENERATE_INFOPLIST_FILE = YES;
				INFOPLIST_FILE = POS/App/Info.plist;
				INFOPLIST_KEY_UIApplicationSupportsIndirectInputEvents = YES;
				INFOPLIST_KEY_UILaunchStoryboardName = LaunchScreen;
				INFOPLIST_KEY_UIStatusBarStyle = "";
				INFOPLIST_KEY_UISupportedInterfaceOrientations = UIInterfaceOrientationLandscapeLeft;
				LD_RUNPATH_SEARCH_PATHS = (
					"$(inherited)",
					"@executable_path/Frameworks",
				);
				MARKETING_VERSION = 1.0;
				PRODUCT_BUNDLE_IDENTIFIER = com.ahnz.POS;
				PRODUCT_NAME = "$(TARGET_NAME)";
				SWIFT_EMIT_LOC_STRINGS = YES;
				SWIFT_VERSION = 5.0;
				TARGETED_DEVICE_FAMILY = "1,2";
			};
			name = Release;
		};
/* End XCBuildConfiguration section */

/* Begin XCConfigurationList section */
		E9850F052AEE13DD008C1C03 /* Build configuration list for PBXProject "POS" */ = {
			isa = XCConfigurationList;
			buildConfigurations = (
				E9850F1C2AEE13DE008C1C03 /* Debug */,
				E9850F1D2AEE13DE008C1C03 /* Release */,
			);
			defaultConfigurationIsVisible = 0;
			defaultConfigurationName = Release;
		};
		E9850F1E2AEE13DE008C1C03 /* Build configuration list for PBXNativeTarget "POS" */ = {
			isa = XCConfigurationList;
			buildConfigurations = (
				E9850F1F2AEE13DE008C1C03 /* Debug */,
				E9850F202AEE13DE008C1C03 /* Release */,
			);
			defaultConfigurationIsVisible = 0;
			defaultConfigurationName = Release;
		};
/* End XCConfigurationList section */
	};
	rootObject = E9850F022AEE13DD008C1C03 /* Project object */;
}
